
Microsoft Visual Studio Solution File, Format Version 12.00
# Visual Studio Version 17
VisualStudioVersion = 17.6.33723.286
MinimumVisualStudioVersion = 10.0.40219.1
Project("{9A19103F-16F7-4668-BE54-9A1E7A4F7556}") = "Entities", "Entities\Entities.csproj", "{03948D87-93F0-4D7F-97F9-9F7C1E6C214E}"
EndProject
Project("{9A19103F-16F7-4668-BE54-9A1E7A4F7556}") = "DataAccess", "DataAccsess\DataAccess.csproj", "{9492BEB9-D2BB-477C-9ACD-C04FC917EF61}"
EndProject
Project("{9A19103F-16F7-4668-BE54-9A1E7A4F7556}") = "Business", "Business\Business.csproj", "{9BC14F56-751D-4FA5-A893-0CDC03624A06}"
EndProject
Project("{9A19103F-16F7-4668-BE54-9A1E7A4F7556}") = "ConsoleUI", "ConsoleUI\ConsoleUI.csproj", "{A105D3F1-2865-4FDD-9F49-2B0C87CC5097}"
EndProject
Project("{FAE04EC0-301F-11D3-BF4B-00C04F79EFBC}") = "Core", "Core\Core.csproj", "{1EC662F7-25A8-41CC-81C3-D46657C48DBF}"
EndProject
Global
	GlobalSection(SolutionConfigurationPlatforms) = preSolution
		Debug|Any CPU = Debug|Any CPU
		Release|Any CPU = Release|Any CPU
	EndGlobalSection
	GlobalSection(ProjectConfigurationPlatforms) = postSolution
		{03948D87-93F0-4D7F-97F9-9F7C1E6C214E}.Debug|Any CPU.ActiveCfg = Debug|Any CPU
		{03948D87-93F0-4D7F-97F9-9F7C1E6C214E}.Debug|Any CPU.Build.0 = Debug|Any CPU
		{03948D87-93F0-4D7F-97F9-9F7C1E6C214E}.Release|Any CPU.ActiveCfg = Release|Any CPU
		{03948D87-93F0-4D7F-97F9-9F7C1E6C214E}.Release|Any CPU.Build.0 = Release|Any CPU
		{9492BEB9-D2BB-477C-9ACD-C04FC917EF61}.Debug|Any CPU.ActiveCfg = Debug|Any CPU
		{9492BEB9-D2BB-477C-9ACD-C04FC917EF61}.Debug|Any CPU.Build.0 = Debug|Any CPU
		{9492BEB9-D2BB-477C-9ACD-C04FC917EF61}.Release|Any CPU.ActiveCfg = Release|Any CPU
		{9492BEB9-D2BB-477C-9ACD-C04FC917EF61}.Release|Any CPU.Build.0 = Release|Any CPU
		{9BC14F56-751D-4FA5-A893-0CDC03624A06}.Debug|Any CPU.ActiveCfg = Debug|Any CPU
		{9BC14F56-751D-4FA5-A893-0CDC03624A06}.Debug|Any CPU.Build.0 = Debug|Any CPU
		{9BC14F56-751D-4FA5-A893-0CDC03624A06}.Release|Any CPU.ActiveCfg = Release|Any CPU
		{9BC14F56-751D-4FA5-A893-0CDC03624A06}.Release|Any CPU.Build.0 = Release|Any CPU
		{A105D3F1-2865-4FDD-9F49-2B0C87CC5097}.Debug|Any CPU.ActiveCfg = Debug|Any CPU
		{A105D3F1-2865-4FDD-9F49-2B0C87CC5097}.Debug|Any CPU.Build.0 = Debug|Any CPU
		{A105D3F1-2865-4FDD-9F49-2B0C87CC5097}.Release|Any CPU.ActiveCfg = Release|Any CPU
		{A105D3F1-2865-4FDD-9F49-2B0C87CC5097}.Release|Any CPU.Build.0 = Release|Any CPU
		{1EC662F7-25A8-41CC-81C3-D46657C48DBF}.Debug|Any CPU.ActiveCfg = Debug|Any CPU
		{1EC662F7-25A8-41CC-81C3-D46657C48DBF}.Debug|Any CPU.Build.0 = Debug|Any CPU
		{1EC662F7-25A8-41CC-81C3-D46657C48DBF}.Release|Any CPU.ActiveCfg = Release|Any CPU
		{1EC662F7-25A8-41CC-81C3-D46657C48DBF}.Release|Any CPU.Build.0 = Release|Any CPU
	EndGlobalSection
	GlobalSection(SolutionProperties) = preSolution
		HideSolutionNode = FALSE
	EndGlobalSection
	GlobalSection(ExtensibilityGlobals) = postSolution
		SolutionGuid = {B1E40735-9988-4063-8E90-EB871A3700F7}
	EndGlobalSection
EndGlobal
